
Microsoft Visual Studio Solution File, Format Version 12.00
# Visual Studio Version 16
VisualStudioVersion = 16.0.32929.386
MinimumVisualStudioVersion = 10.0.40219.1
Project("{9A19103F-16F7-4668-BE54-9A1E7A4F7556}") = "TrainingWebsite", "TrainingWebsite\TrainingWebsite.csproj", "{F675FFCE-F566-434E-BFB4-F58E2F8A980F}"
EndProject
Project("{9A19103F-16F7-4668-BE54-9A1E7A4F7556}") = "TrainingWebsite.Test", "TrainingWebsite.Test\TrainingWebsite.Test.csproj", "{0B979B92-B31E-4F0F-AA87-727FCA853BF4}"
EndProject
Global
	GlobalSection(SolutionConfigurationPlatforms) = preSolution
		Debug|Any CPU = Debug|Any CPU
		Release|Any CPU = Release|Any CPU
	EndGlobalSection
	GlobalSection(ProjectConfigurationPlatforms) = postSolution
		{F675FFCE-F566-434E-BFB4-F58E2F8A980F}.Debug|Any CPU.ActiveCfg = Debug|Any CPU
		{F675FFCE-F566-434E-BFB4-F58E2F8A980F}.Debug|Any CPU.Build.0 = Debug|Any CPU
		{F675FFCE-F566-434E-BFB4-F58E2F8A980F}.Release|Any CPU.ActiveCfg = Release|Any CPU
		{F675FFCE-F566-434E-BFB4-F58E2F8A980F}.Release|Any CPU.Build.0 = Release|Any CPU
		{0B979B92-B31E-4F0F-AA87-727FCA853BF4}.Debug|Any CPU.ActiveCfg = Debug|Any CPU
		{0B979B92-B31E-4F0F-AA87-727FCA853BF4}.Debug|Any CPU.Build.0 = Debug|Any CPU
		{0B979B92-B31E-4F0F-AA87-727FCA853BF4}.Release|Any CPU.ActiveCfg = Release|Any CPU
		{0B979B92-B31E-4F0F-AA87-727FCA853BF4}.Release|Any CPU.Build.0 = Release|Any CPU
	EndGlobalSection
	GlobalSection(SolutionProperties) = preSolution
		HideSolutionNode = FALSE
	EndGlobalSection
	GlobalSection(ExtensibilityGlobals) = postSolution
		SolutionGuid = {B8CC9ECE-54B2-42CF-A22D-30E9FB68532A}
	EndGlobalSection
EndGlobal
